// !$*UTF8*$!
{
	archiveVersion = 1;
	classes = {
	};
	objectVersion = 46;
	objects = {

/* Begin PBXBuildFile section */
		D392DCD4181460F0004ED6AD /* Foundation.framework in Frameworks */ = {isa = PBXBuildFile; fileRef = D392DCD3181460F0004ED6AD /* Foundation.framework */; };
		D392DCD6181460F0004ED6AD /* CoreGraphics.framework in Frameworks */ = {isa = PBXBuildFile; fileRef = D392DCD5181460F0004ED6AD /* CoreGraphics.framework */; };
		D392DCD8181460F0004ED6AD /* UIKit.framework in Frameworks */ = {isa = PBXBuildFile; fileRef = D392DCD7181460F0004ED6AD /* UIKit.framework */; };
		D392DCDE181460F0004ED6AD /* InfoPlist.strings in Resources */ = {isa = PBXBuildFile; fileRef = D392DCDC181460F0004ED6AD /* InfoPlist.strings */; };
		D392DCE0181460F0004ED6AD /* main.m in Sources */ = {isa = PBXBuildFile; fileRef = D392DCDF181460F0004ED6AD /* main.m */; };
		D392DCE4181460F0004ED6AD /* RAMAppDelegate.m in Sources */ = {isa = PBXBuildFile; fileRef = D392DCE3181460F0004ED6AD /* RAMAppDelegate.m */; };
		D392DCE6181460F0004ED6AD /* Images.xcassets in Resources */ = {isa = PBXBuildFile; fileRef = D392DCE5181460F0004ED6AD /* Images.xcassets */; };
		D392DCED181460F0004ED6AD /* XCTest.framework in Frameworks */ = {isa = PBXBuildFile; fileRef = D392DCEC181460F0004ED6AD /* XCTest.framework */; };
		D392DCEE181460F0004ED6AD /* Foundation.framework in Frameworks */ = {isa = PBXBuildFile; fileRef = D392DCD3181460F0004ED6AD /* Foundation.framework */; };
		D392DCEF181460F0004ED6AD /* UIKit.framework in Frameworks */ = {isa = PBXBuildFile; fileRef = D392DCD7181460F0004ED6AD /* UIKit.framework */; };
		D392DCF7181460F0004ED6AD /* InfoPlist.strings in Resources */ = {isa = PBXBuildFile; fileRef = D392DCF5181460F0004ED6AD /* InfoPlist.strings */; };
		D392DCF9181460F0004ED6AD /* RAMCollectionViewFlemishBondLayoutDemoTests.m in Sources */ = {isa = PBXBuildFile; fileRef = D392DCF8181460F0004ED6AD /* RAMCollectionViewFlemishBondLayoutDemoTests.m */; };
		D392DD071814613D004ED6AD /* RAMCollectionViewFlemishBondLayout.m in Sources */ = {isa = PBXBuildFile; fileRef = D392DD041814613D004ED6AD /* RAMCollectionViewFlemishBondLayout.m */; };
		D392DD081814613D004ED6AD /* RAMCollectionViewFlemishBondLayoutAttributes.m in Sources */ = {isa = PBXBuildFile; fileRef = D392DD061814613D004ED6AD /* RAMCollectionViewFlemishBondLayoutAttributes.m */; };
		D392DD0B18146172004ED6AD /* RAMViewController.m in Sources */ = {isa = PBXBuildFile; fileRef = D392DD0A18146172004ED6AD /* RAMViewController.m */; };
		D392DD0E18146264004ED6AD /* RAMCollectionViewCell.m in Sources */ = {isa = PBXBuildFile; fileRef = D392DD0D18146264004ED6AD /* RAMCollectionViewCell.m */; };
		D392DD11181462BC004ED6AD /* UIColor+additions.m in Sources */ = {isa = PBXBuildFile; fileRef = D392DD10181462BC004ED6AD /* UIColor+additions.m */; };
		D392DD1518146320004ED6AD /* RAMCollectionAuxView.m in Sources */ = {isa = PBXBuildFile; fileRef = D392DD1418146320004ED6AD /* RAMCollectionAuxView.m */; };
/* End PBXBuildFile section */

/* Begin PBXContainerItemProxy section */
		D392DCF0181460F0004ED6AD /* PBXContainerItemProxy */ = {
			isa = PBXContainerItemProxy;
			containerPortal = D392DCC8181460F0004ED6AD /* Project object */;
			proxyType = 1;
			remoteGlobalIDString = D392DCCF181460F0004ED6AD;
			remoteInfo = RAMCollectionViewFlemishBondLayoutDemo;
		};
/* End PBXContainerItemProxy section */

/* Begin PBXFileReference section */
		D392DCD0181460F0004ED6AD /* RAMCollectionViewFlemishBondLayoutDemo.app */ = {isa = PBXFileReference; explicitFileType = wrapper.application; includeInIndex = 0; path = RAMCollectionViewFlemishBondLayoutDemo.app; sourceTree = BUILT_PRODUCTS_DIR; };
		D392DCD3181460F0004ED6AD /* Foundation.framework */ = {isa = PBXFileReference; lastKnownFileType = wrapper.framework; name = Foundation.framework; path = System/Library/Frameworks/Foundation.framework; sourceTree = SDKROOT; };
		D392DCD5181460F0004ED6AD /* CoreGraphics.framework */ = {isa = PBXFileReference; lastKnownFileType = wrapper.framework; name = CoreGraphics.framework; path = System/Library/Frameworks/CoreGraphics.framework; sourceTree = SDKROOT; };
		D392DCD7181460F0004ED6AD /* UIKit.framework */ = {isa = PBXFileReference; lastKnownFileType = wrapper.framework; name = UIKit.framework; path = System/Library/Frameworks/UIKit.framework; sourceTree = SDKROOT; };
		D392DCDB181460F0004ED6AD /* RAMCollectionViewFlemishBondLayoutDemo-Info.plist */ = {isa = PBXFileReference; lastKnownFileType = text.plist.xml; path = "RAMCollectionViewFlemishBondLayoutDemo-Info.plist"; sourceTree = "<group>"; };
		D392DCDD181460F0004ED6AD /* en */ = {isa = PBXFileReference; lastKnownFileType = text.plist.strings; name = en; path = en.lproj/InfoPlist.strings; sourceTree = "<group>"; };
		D392DCDF181460F0004ED6AD /* main.m */ = {isa = PBXFileReference; lastKnownFileType = sourcecode.c.objc; path = main.m; sourceTree = "<group>"; };
		D392DCE1181460F0004ED6AD /* RAMCollectionViewFlemishBondLayoutDemo-Prefix.pch */ = {isa = PBXFileReference; lastKnownFileType = sourcecode.c.h; path = "RAMCollectionViewFlemishBondLayoutDemo-Prefix.pch"; sourceTree = "<group>"; };
		D392DCE2181460F0004ED6AD /* RAMAppDelegate.h */ = {isa = PBXFileReference; lastKnownFileType = sourcecode.c.h; path = RAMAppDelegate.h; sourceTree = "<group>"; };
		D392DCE3181460F0004ED6AD /* RAMAppDelegate.m */ = {isa = PBXFileReference; lastKnownFileType = sourcecode.c.objc; path = RAMAppDelegate.m; sourceTree = "<group>"; };
		D392DCE5181460F0004ED6AD /* Images.xcassets */ = {isa = PBXFileReference; lastKnownFileType = folder.assetcatalog; path = Images.xcassets; sourceTree = "<group>"; };
		D392DCEB181460F0004ED6AD /* RAMCollectionViewFlemishBondLayoutDemoTests.xctest */ = {isa = PBXFileReference; explicitFileType = wrapper.cfbundle; includeInIndex = 0; path = RAMCollectionViewFlemishBondLayoutDemoTests.xctest; sourceTree = BUILT_PRODUCTS_DIR; };
		D392DCEC181460F0004ED6AD /* XCTest.framework */ = {isa = PBXFileReference; lastKnownFileType = wrapper.framework; name = XCTest.framework; path = Library/Frameworks/XCTest.framework; sourceTree = DEVELOPER_DIR; };
		D392DCF4181460F0004ED6AD /* RAMCollectionViewFlemishBondLayoutDemoTests-Info.plist */ = {isa = PBXFileReference; lastKnownFileType = text.plist.xml; path = "RAMCollectionViewFlemishBondLayoutDemoTests-Info.plist"; sourceTree = "<group>"; };
		D392DCF6181460F0004ED6AD /* en */ = {isa = PBXFileReference; lastKnownFileType = text.plist.strings; name = en; path = en.lproj/InfoPlist.strings; sourceTree = "<group>"; };
		D392DCF8181460F0004ED6AD /* RAMCollectionViewFlemishBondLayoutDemoTests.m */ = {isa = PBXFileReference; lastKnownFileType = sourcecode.c.objc; path = RAMCollectionViewFlemishBondLayoutDemoTests.m; sourceTree = "<group>"; };
		D392DD031814613D004ED6AD /* RAMCollectionViewFlemishBondLayout.h */ = {isa = PBXFileReference; fileEncoding = 4; lastKnownFileType = sourcecode.c.h; path = RAMCollectionViewFlemishBondLayout.h; sourceTree = "<group>"; };
		D392DD041814613D004ED6AD /* RAMCollectionViewFlemishBondLayout.m */ = {isa = PBXFileReference; fileEncoding = 4; lastKnownFileType = sourcecode.c.objc; path = RAMCollectionViewFlemishBondLayout.m; sourceTree = "<group>"; };
		D392DD051814613D004ED6AD /* RAMCollectionViewFlemishBondLayoutAttributes.h */ = {isa = PBXFileReference; fileEncoding = 4; lastKnownFileType = sourcecode.c.h; path = RAMCollectionViewFlemishBondLayoutAttributes.h; sourceTree = "<group>"; };
		D392DD061814613D004ED6AD /* RAMCollectionViewFlemishBondLayoutAttributes.m */ = {isa = PBXFileReference; fileEncoding = 4; lastKnownFileType = sourcecode.c.objc; path = RAMCollectionViewFlemishBondLayoutAttributes.m; sourceTree = "<group>"; };
		D392DD0918146172004ED6AD /* RAMViewController.h */ = {isa = PBXFileReference; fileEncoding = 4; lastKnownFileType = sourcecode.c.h; path = RAMViewController.h; sourceTree = "<group>"; };
		D392DD0A18146172004ED6AD /* RAMViewController.m */ = {isa = PBXFileReference; fileEncoding = 4; lastKnownFileType = sourcecode.c.objc; path = RAMViewController.m; sourceTree = "<group>"; };
		D392DD0C18146264004ED6AD /* RAMCollectionViewCell.h */ = {isa = PBXFileReference; fileEncoding = 4; lastKnownFileType = sourcecode.c.h; path = RAMCollectionViewCell.h; sourceTree = "<group>"; };
		D392DD0D18146264004ED6AD /* RAMCollectionViewCell.m */ = {isa = PBXFileReference; fileEncoding = 4; lastKnownFileType = sourcecode.c.objc; path = RAMCollectionViewCell.m; sourceTree = "<group>"; };
		D392DD0F181462BC004ED6AD /* UIColor+additions.h */ = {isa = PBXFileReference; fileEncoding = 4; lastKnownFileType = sourcecode.c.h; name = "UIColor+additions.h"; path = "Categories/UIColor+additions.h"; sourceTree = "<group>"; };
		D392DD10181462BC004ED6AD /* UIColor+additions.m */ = {isa = PBXFileReference; fileEncoding = 4; lastKnownFileType = sourcecode.c.objc; name = "UIColor+additions.m"; path = "Categories/UIColor+additions.m"; sourceTree = "<group>"; };
		D392DD1318146320004ED6AD /* RAMCollectionAuxView.h */ = {isa = PBXFileReference; fileEncoding = 4; lastKnownFileType = sourcecode.c.h; path = RAMCollectionAuxView.h; sourceTree = "<group>"; };
		D392DD1418146320004ED6AD /* RAMCollectionAuxView.m */ = {isa = PBXFileReference; fileEncoding = 4; lastKnownFileType = sourcecode.c.objc; path = RAMCollectionAuxView.m; sourceTree = "<group>"; };
/* End PBXFileReference section */

/* Begin PBXFrameworksBuildPhase section */
		D392DCCD181460F0004ED6AD /* Frameworks */ = {
			isa = PBXFrameworksBuildPhase;
			buildActionMask = 2147483647;
			files = (
				D392DCD6181460F0004ED6AD /* CoreGraphics.framework in Frameworks */,
				D392DCD8181460F0004ED6AD /* UIKit.framework in Frameworks */,
				D392DCD4181460F0004ED6AD /* Foundation.framework in Frameworks */,
			);
			runOnlyForDeploymentPostprocessing = 0;
		};
		D392DCE8181460F0004ED6AD /* Frameworks */ = {
			isa = PBXFrameworksBuildPhase;
			buildActionMask = 2147483647;
			files = (
				D392DCED181460F0004ED6AD /* XCTest.framework in Frameworks */,
				D392DCEF181460F0004ED6AD /* UIKit.framework in Frameworks */,
				D392DCEE181460F0004ED6AD /* Foundation.framework in Frameworks */,
			);
			runOnlyForDeploymentPostprocessing = 0;
		};
/* End PBXFrameworksBuildPhase section */

/* Begin PBXGroup section */
		D392DCC7181460F0004ED6AD = {
			isa = PBXGroup;
			children = (
				D392DCD9181460F0004ED6AD /* RAMCollectionViewFlemishBondLayoutDemo */,
				D392DCF2181460F0004ED6AD /* RAMCollectionViewFlemishBondLayoutDemoTests */,
				D392DCD2181460F0004ED6AD /* Frameworks */,
				D392DCD1181460F0004ED6AD /* Products */,
			);
			sourceTree = "<group>";
		};
		D392DCD1181460F0004ED6AD /* Products */ = {
			isa = PBXGroup;
			children = (
				D392DCD0181460F0004ED6AD /* RAMCollectionViewFlemishBondLayoutDemo.app */,
				D392DCEB181460F0004ED6AD /* RAMCollectionViewFlemishBondLayoutDemoTests.xctest */,
			);
			name = Products;
			sourceTree = "<group>";
		};
		D392DCD2181460F0004ED6AD /* Frameworks */ = {
			isa = PBXGroup;
			children = (
				D392DCD3181460F0004ED6AD /* Foundation.framework */,
				D392DCD5181460F0004ED6AD /* CoreGraphics.framework */,
				D392DCD7181460F0004ED6AD /* UIKit.framework */,
				D392DCEC181460F0004ED6AD /* XCTest.framework */,
			);
			name = Frameworks;
			sourceTree = "<group>";
		};
		D392DCD9181460F0004ED6AD /* RAMCollectionViewFlemishBondLayoutDemo */ = {
			isa = PBXGroup;
			children = (
				D392DD12181462C2004ED6AD /* Categories */,
				D392DD021814613D004ED6AD /* RAMCollectionViewFlemishBondLayout */,
				D392DCE2181460F0004ED6AD /* RAMAppDelegate.h */,
				D392DCE3181460F0004ED6AD /* RAMAppDelegate.m */,
				D392DD0918146172004ED6AD /* RAMViewController.h */,
				D392DD0A18146172004ED6AD /* RAMViewController.m */,
				D392DD0C18146264004ED6AD /* RAMCollectionViewCell.h */,
				D392DD0D18146264004ED6AD /* RAMCollectionViewCell.m */,
				D392DD1318146320004ED6AD /* RAMCollectionAuxView.h */,
				D392DD1418146320004ED6AD /* RAMCollectionAuxView.m */,
				D392DCE5181460F0004ED6AD /* Images.xcassets */,
				D392DCDA181460F0004ED6AD /* Supporting Files */,
			);
			path = RAMCollectionViewFlemishBondLayoutDemo;
			sourceTree = "<group>";
		};
		D392DCDA181460F0004ED6AD /* Supporting Files */ = {
			isa = PBXGroup;
			children = (
				D392DCDB181460F0004ED6AD /* RAMCollectionViewFlemishBondLayoutDemo-Info.plist */,
				D392DCDC181460F0004ED6AD /* InfoPlist.strings */,
				D392DCDF181460F0004ED6AD /* main.m */,
				D392DCE1181460F0004ED6AD /* RAMCollectionViewFlemishBondLayoutDemo-Prefix.pch */,
			);
			name = "Supporting Files";
			sourceTree = "<group>";
		};
		D392DCF2181460F0004ED6AD /* RAMCollectionViewFlemishBondLayoutDemoTests */ = {
			isa = PBXGroup;
			children = (
				D392DCF8181460F0004ED6AD /* RAMCollectionViewFlemishBondLayoutDemoTests.m */,
				D392DCF3181460F0004ED6AD /* Supporting Files */,
			);
			path = RAMCollectionViewFlemishBondLayoutDemoTests;
			sourceTree = "<group>";
		};
		D392DCF3181460F0004ED6AD /* Supporting Files */ = {
			isa = PBXGroup;
			children = (
				D392DCF4181460F0004ED6AD /* RAMCollectionViewFlemishBondLayoutDemoTests-Info.plist */,
				D392DCF5181460F0004ED6AD /* InfoPlist.strings */,
			);
			name = "Supporting Files";
			sourceTree = "<group>";
		};
		D392DD021814613D004ED6AD /* RAMCollectionViewFlemishBondLayout */ = {
			isa = PBXGroup;
			children = (
				D392DD031814613D004ED6AD /* RAMCollectionViewFlemishBondLayout.h */,
				D392DD041814613D004ED6AD /* RAMCollectionViewFlemishBondLayout.m */,
				D392DD051814613D004ED6AD /* RAMCollectionViewFlemishBondLayoutAttributes.h */,
				D392DD061814613D004ED6AD /* RAMCollectionViewFlemishBondLayoutAttributes.m */,
			);
			name = RAMCollectionViewFlemishBondLayout;
			path = ../../../RAMCollectionViewFlemishBondLayout;
			sourceTree = "<group>";
		};
		D392DD12181462C2004ED6AD /* Categories */ = {
			isa = PBXGroup;
			children = (
				D392DD0F181462BC004ED6AD /* UIColor+additions.h */,
				D392DD10181462BC004ED6AD /* UIColor+additions.m */,
			);
			name = Categories;
			sourceTree = "<group>";
		};
/* End PBXGroup section */

/* Begin PBXNativeTarget section */
		D392DCCF181460F0004ED6AD /* RAMCollectionViewFlemishBondLayoutDemo */ = {
			isa = PBXNativeTarget;
			buildConfigurationList = D392DCFC181460F0004ED6AD /* Build configuration list for PBXNativeTarget "RAMCollectionViewFlemishBondLayoutDemo" */;
			buildPhases = (
				D392DCCC181460F0004ED6AD /* Sources */,
				D392DCCD181460F0004ED6AD /* Frameworks */,
				D392DCCE181460F0004ED6AD /* Resources */,
			);
			buildRules = (
			);
			dependencies = (
			);
			name = RAMCollectionViewFlemishBondLayoutDemo;
			productName = RAMCollectionViewFlemishBondLayoutDemo;
			productReference = D392DCD0181460F0004ED6AD /* RAMCollectionViewFlemishBondLayoutDemo.app */;
			productType = "com.apple.product-type.application";
		};
		D392DCEA181460F0004ED6AD /* RAMCollectionViewFlemishBondLayoutDemoTests */ = {
			isa = PBXNativeTarget;
			buildConfigurationList = D392DCFF181460F0004ED6AD /* Build configuration list for PBXNativeTarget "RAMCollectionViewFlemishBondLayoutDemoTests" */;
			buildPhases = (
				D392DCE7181460F0004ED6AD /* Sources */,
				D392DCE8181460F0004ED6AD /* Frameworks */,
				D392DCE9181460F0004ED6AD /* Resources */,
			);
			buildRules = (
			);
			dependencies = (
				D392DCF1181460F0004ED6AD /* PBXTargetDependency */,
			);
			name = RAMCollectionViewFlemishBondLayoutDemoTests;
			productName = RAMCollectionViewFlemishBondLayoutDemoTests;
			productReference = D392DCEB181460F0004ED6AD /* RAMCollectionViewFlemishBondLayoutDemoTests.xctest */;
			productType = "com.apple.product-type.bundle.unit-test";
		};
/* End PBXNativeTarget section */

/* Begin PBXProject section */
		D392DCC8181460F0004ED6AD /* Project object */ = {
			isa = PBXProject;
			attributes = {
				CLASSPREFIX = RAM;
				LastUpgradeCheck = 0500;
				ORGANIZATIONNAME = "Rafael Aguilar Martín";
				TargetAttributes = {
					D392DCEA181460F0004ED6AD = {
						TestTargetID = D392DCCF181460F0004ED6AD;
					};
				};
			};
			buildConfigurationList = D392DCCB181460F0004ED6AD /* Build configuration list for PBXProject "RAMCollectionViewFlemishBondLayoutDemo" */;
			compatibilityVersion = "Xcode 3.2";
			developmentRegion = English;
			hasScannedForEncodings = 0;
			knownRegions = (
				en,
			);
			mainGroup = D392DCC7181460F0004ED6AD;
			productRefGroup = D392DCD1181460F0004ED6AD /* Products */;
			projectDirPath = "";
			projectRoot = "";
			targets = (
				D392DCCF181460F0004ED6AD /* RAMCollectionViewFlemishBondLayoutDemo */,
				D392DCEA181460F0004ED6AD /* RAMCollectionViewFlemishBondLayoutDemoTests */,
			);
		};
/* End PBXProject section */

/* Begin PBXResourcesBuildPhase section */
		D392DCCE181460F0004ED6AD /* Resources */ = {
			isa = PBXResourcesBuildPhase;
			buildActionMask = 2147483647;
			files = (
				D392DCDE181460F0004ED6AD /* InfoPlist.strings in Resources */,
				D392DCE6181460F0004ED6AD /* Images.xcassets in Resources */,
			);
			runOnlyForDeploymentPostprocessing = 0;
		};
		D392DCE9181460F0004ED6AD /* Resources */ = {
			isa = PBXResourcesBuildPhase;
			buildActionMask = 2147483647;
			files = (
				D392DCF7181460F0004ED6AD /* InfoPlist.strings in Resources */,
			);
			runOnlyForDeploymentPostprocessing = 0;
		};
/* End PBXResourcesBuildPhase section */

/* Begin PBXSourcesBuildPhase section */
		D392DCCC181460F0004ED6AD /* Sources */ = {
			isa = PBXSourcesBuildPhase;
			buildActionMask = 2147483647;
			files = (
				D392DD081814613D004ED6AD /* RAMCollectionViewFlemishBondLayoutAttributes.m in Sources */,
				D392DD0E18146264004ED6AD /* RAMCollectionViewCell.m in Sources */,
				D392DD071814613D004ED6AD /* RAMCollectionViewFlemishBondLayout.m in Sources */,
				D392DCE0181460F0004ED6AD /* main.m in Sources */,
				D392DCE4181460F0004ED6AD /* RAMAppDelegate.m in Sources */,
				D392DD11181462BC004ED6AD /* UIColor+additions.m in Sources */,
				D392DD1518146320004ED6AD /* RAMCollectionAuxView.m in Sources */,
				D392DD0B18146172004ED6AD /* RAMViewController.m in Sources */,
			);
			runOnlyForDeploymentPostprocessing = 0;
		};
		D392DCE7181460F0004ED6AD /* Sources */ = {
			isa = PBXSourcesBuildPhase;
			buildActionMask = 2147483647;
			files = (
				D392DCF9181460F0004ED6AD /* RAMCollectionViewFlemishBondLayoutDemoTests.m in Sources */,
			);
			runOnlyForDeploymentPostprocessing = 0;
		};
/* End PBXSourcesBuildPhase section */

/* Begin PBXTargetDependency section */
		D392DCF1181460F0004ED6AD /* PBXTargetDependency */ = {
			isa = PBXTargetDependency;
			target = D392DCCF181460F0004ED6AD /* RAMCollectionViewFlemishBondLayoutDemo */;
			targetProxy = D392DCF0181460F0004ED6AD /* PBXContainerItemProxy */;
		};
/* End PBXTargetDependency section */

/* Begin PBXVariantGroup section */
		D392DCDC181460F0004ED6AD /* InfoPlist.strings */ = {
			isa = PBXVariantGroup;
			children = (
				D392DCDD181460F0004ED6AD /* en */,
			);
			name = InfoPlist.strings;
			sourceTree = "<group>";
		};
		D392DCF5181460F0004ED6AD /* InfoPlist.strings */ = {
			isa = PBXVariantGroup;
			children = (
				D392DCF6181460F0004ED6AD /* en */,
			);
			name = InfoPlist.strings;
			sourceTree = "<group>";
		};
/* End PBXVariantGroup section */

/* Begin XCBuildConfiguration section */
		D392DCFA181460F0004ED6AD /* Debug */ = {
			isa = XCBuildConfiguration;
			buildSettings = {
				ALWAYS_SEARCH_USER_PATHS = NO;
				ARCHS = "$(ARCHS_STANDARD_INCLUDING_64_BIT)";
				CLANG_CXX_LANGUAGE_STANDARD = "gnu++0x";
				CLANG_CXX_LIBRARY = "libc++";
				CLANG_ENABLE_MODULES = YES;
				CLANG_ENABLE_OBJC_ARC = YES;
				CLANG_WARN_BOOL_CONVERSION = YES;
				CLANG_WARN_CONSTANT_CONVERSION = YES;
				CLANG_WARN_DIRECT_OBJC_ISA_USAGE = YES_ERROR;
				CLANG_WARN_EMPTY_BODY = YES;
				CLANG_WARN_ENUM_CONVERSION = YES;
				CLANG_WARN_INT_CONVERSION = YES;
				CLANG_WARN_OBJC_ROOT_CLASS = YES_ERROR;
				CLANG_WARN__DUPLICATE_METHOD_MATCH = YES;
				"CODE_SIGN_IDENTITY[sdk=iphoneos*]" = "iPhone Developer";
				COPY_PHASE_STRIP = NO;
				GCC_C_LANGUAGE_STANDARD = gnu99;
				GCC_DYNAMIC_NO_PIC = NO;
				GCC_OPTIMIZATION_LEVEL = 0;
				GCC_PREPROCESSOR_DEFINITIONS = (
					"DEBUG=1",
					"$(inherited)",
				);
				GCC_SYMBOLS_PRIVATE_EXTERN = NO;
				GCC_WARN_64_TO_32_BIT_CONVERSION = YES;
				GCC_WARN_ABOUT_RETURN_TYPE = YES_ERROR;
				GCC_WARN_UNDECLARED_SELECTOR = YES;
				GCC_WARN_UNINITIALIZED_AUTOS = YES;
				GCC_WARN_UNUSED_FUNCTION = YES;
				GCC_WARN_UNUSED_VARIABLE = YES;
				IPHONEOS_DEPLOYMENT_TARGET = 7.0;
				ONLY_ACTIVE_ARCH = YES;
				SDKROOT = iphoneos;
			};
			name = Debug;
		};
		D392DCFB181460F0004ED6AD /* Release */ = {
			isa = XCBuildConfiguration;
			buildSettings = {
				ALWAYS_SEARCH_USER_PATHS = NO;
				ARCHS = "$(ARCHS_STANDARD_INCLUDING_64_BIT)";
				CLANG_CXX_LANGUAGE_STANDARD = "gnu++0x";
				CLANG_CXX_LIBRARY = "libc++";
				CLANG_ENABLE_MODULES = YES;
				CLANG_ENABLE_OBJC_ARC = YES;
				CLANG_WARN_BOOL_CONVERSION = YES;
				CLANG_WARN_CONSTANT_CONVERSION = YES;
				CLANG_WARN_DIRECT_OBJC_ISA_USAGE = YES_ERROR;
				CLANG_WARN_EMPTY_BODY = YES;
				CLANG_WARN_ENUM_CONVERSION = YES;
				CLANG_WARN_INT_CONVERSION = YES;
				CLANG_WARN_OBJC_ROOT_CLASS = YES_ERROR;
				CLANG_WARN__DUPLICATE_METHOD_MATCH = YES;
				"CODE_SIGN_IDENTITY[sdk=iphoneos*]" = "iPhone Developer";
				COPY_PHASE_STRIP = YES;
				ENABLE_NS_ASSERTIONS = NO;
				GCC_C_LANGUAGE_STANDARD = gnu99;
				GCC_WARN_64_TO_32_BIT_CONVERSION = YES;
				GCC_WARN_ABOUT_RETURN_TYPE = YES_ERROR;
				GCC_WARN_UNDECLARED_SELECTOR = YES;
				GCC_WARN_UNINITIALIZED_AUTOS = YES;
				GCC_WARN_UNUSED_FUNCTION = YES;
				GCC_WARN_UNUSED_VARIABLE = YES;
				IPHONEOS_DEPLOYMENT_TARGET = 7.0;
				SDKROOT = iphoneos;
				VALIDATE_PRODUCT = YES;
			};
			name = Release;
		};
		D392DCFD181460F0004ED6AD /* Debug */ = {
			isa = XCBuildConfiguration;
			buildSettings = {
				ASSETCATALOG_COMPILER_APPICON_NAME = AppIcon;
				ASSETCATALOG_COMPILER_LAUNCHIMAGE_NAME = LaunchImage;
				GCC_PRECOMPILE_PREFIX_HEADER = YES;
				GCC_PREFIX_HEADER = "RAMCollectionViewFlemishBondLayoutDemo/RAMCollectionViewFlemishBondLayoutDemo-Prefix.pch";
				INFOPLIST_FILE = "RAMCollectionViewFlemishBondLayoutDemo/RAMCollectionViewFlemishBondLayoutDemo-Info.plist";
				PRODUCT_NAME = "$(TARGET_NAME)";
				WRAPPER_EXTENSION = app;
			};
			name = Debug;
		};
		D392DCFE181460F0004ED6AD /* Release */ = {
			isa = XCBuildConfiguration;
			buildSettings = {
				ASSETCATALOG_COMPILER_APPICON_NAME = AppIcon;
				ASSETCATALOG_COMPILER_LAUNCHIMAGE_NAME = LaunchImage;
				GCC_PRECOMPILE_PREFIX_HEADER = YES;
				GCC_PREFIX_HEADER = "RAMCollectionViewFlemishBondLayoutDemo/RAMCollectionViewFlemishBondLayoutDemo-Prefix.pch";
				INFOPLIST_FILE = "RAMCollectionViewFlemishBondLayoutDemo/RAMCollectionViewFlemishBondLayoutDemo-Info.plist";
				PRODUCT_NAME = "$(TARGET_NAME)";
				WRAPPER_EXTENSION = app;
			};
			name = Release;
		};
		D392DD00181460F0004ED6AD /* Debug */ = {
			isa = XCBuildConfiguration;
			buildSettings = {
				ARCHS = "$(ARCHS_STANDARD_INCLUDING_64_BIT)";
				BUNDLE_LOADER = "$(BUILT_PRODUCTS_DIR)/RAMCollectionViewFlemishBondLayoutDemo.app/RAMCollectionViewFlemishBondLayoutDemo";
				FRAMEWORK_SEARCH_PATHS = (
					"$(SDKROOT)/Developer/Library/Frameworks",
					"$(inherited)",
					"$(DEVELOPER_FRAMEWORKS_DIR)",
				);
				GCC_PRECOMPILE_PREFIX_HEADER = YES;
				GCC_PREFIX_HEADER = "RAMCollectionViewFlemishBondLayoutDemo/RAMCollectionViewFlemishBondLayoutDemo-Prefix.pch";
				GCC_PREPROCESSOR_DEFINITIONS = (
					"DEBUG=1",
					"$(inherited)",
				);
				INFOPLIST_FILE = "RAMCollectionViewFlemishBondLayoutDemoTests/RAMCollectionViewFlemishBondLayoutDemoTests-Info.plist";
				PRODUCT_NAME = "$(TARGET_NAME)";
				TEST_HOST = "$(BUNDLE_LOADER)";
				WRAPPER_EXTENSION = xctest;
			};
			name = Debug;
		};
		D392DD01181460F0004ED6AD /* Release */ = {
			isa = XCBuildConfiguration;
			buildSettings = {
				ARCHS = "$(ARCHS_STANDARD_INCLUDING_64_BIT)";
				BUNDLE_LOADER = "$(BUILT_PRODUCTS_DIR)/RAMCollectionViewFlemishBondLayoutDemo.app/RAMCollectionViewFlemishBondLayoutDemo";
				FRAMEWORK_SEARCH_PATHS = (
					"$(SDKROOT)/Developer/Library/Frameworks",
					"$(inherited)",
					"$(DEVELOPER_FRAMEWORKS_DIR)",
				);
				GCC_PRECOMPILE_PREFIX_HEADER = YES;
				GCC_PREFIX_HEADER = "RAMCollectionViewFlemishBondLayoutDemo/RAMCollectionViewFlemishBondLayoutDemo-Prefix.pch";
				INFOPLIST_FILE = "RAMCollectionViewFlemishBondLayoutDemoTests/RAMCollectionViewFlemishBondLayoutDemoTests-Info.plist";
				PRODUCT_NAME = "$(TARGET_NAME)";
				TEST_HOST = "$(BUNDLE_LOADER)";
				WRAPPER_EXTENSION = xctest;
			};
			name = Release;
		};
/* End XCBuildConfiguration section */

/* Begin XCConfigurationList section */
		D392DCCB181460F0004ED6AD /* Build configuration list for PBXProject "RAMCollectionViewFlemishBondLayoutDemo" */ = {
			isa = XCConfigurationList;
			buildConfigurations = (
				D392DCFA181460F0004ED6AD /* Debug */,
				D392DCFB181460F0004ED6AD /* Release */,
			);
			defaultConfigurationIsVisible = 0;
			defaultConfigurationName = Release;
		};
		D392DCFC181460F0004ED6AD /* Build configuration list for PBXNativeTarget "RAMCollectionViewFlemishBondLayoutDemo" */ = {
			isa = XCConfigurationList;
			buildConfigurations = (
				D392DCFD181460F0004ED6AD /* Debug */,
				D392DCFE181460F0004ED6AD /* Release */,
			);
			defaultConfigurationIsVisible = 0;
		};
		D392DCFF181460F0004ED6AD /* Build configuration list for PBXNativeTarget "RAMCollectionViewFlemishBondLayoutDemoTests" */ = {
			isa = XCConfigurationList;
			buildConfigurations = (
				D392DD00181460F0004ED6AD /* Debug */,
				D392DD01181460F0004ED6AD /* Release */,
			);
			defaultConfigurationIsVisible = 0;
		};
/* End XCConfigurationList section */
	};
	rootObject = D392DCC8181460F0004ED6AD /* Project object */;
}
